
Microsoft Visual Studio Solution File, Format Version 12.00
# Visual Studio Version 17
VisualStudioVersion = 17.3.32714.290
MinimumVisualStudioVersion = 10.0.40219.1
Project("{9A19103F-16F7-4668-BE54-9A1E7A4F7556}") = "TimberwolvesAnywhere", "TimberwolvesAnywhere\TimberwolvesAnywhere.csproj", "{76A8EA5A-BC29-4B23-939A-D73028FDC2DE}"
EndProject
Project("{2150E333-8FDC-42A3-9474-1A3956D46DE8}") = "Solution Items", "Solution Items", "{523F5DAC-756A-41AB-BF02-E33942DEA5D1}"
	ProjectSection(SolutionItems) = preProject
		.gitignore = .gitignore
		LICENSE = LICENSE
		README.md = README.md
	EndProjectSection
EndProject
Global
	GlobalSection(SolutionConfigurationPlatforms) = preSolution
		Debug|Any CPU = Debug|Any CPU
		Release|Any CPU = Release|Any CPU
	EndGlobalSection
	GlobalSection(ProjectConfigurationPlatforms) = postSolution
		{76A8EA5A-BC29-4B23-939A-D73028FDC2DE}.Debug|Any CPU.ActiveCfg = Debug|Any CPU
		{76A8EA5A-BC29-4B23-939A-D73028FDC2DE}.Debug|Any CPU.Build.0 = Debug|Any CPU
		{76A8EA5A-BC29-4B23-939A-D73028FDC2DE}.Release|Any CPU.ActiveCfg = Release|Any CPU
		{76A8EA5A-BC29-4B23-939A-D73028FDC2DE}.Release|Any CPU.Build.0 = Release|Any CPU
	EndGlobalSection
	GlobalSection(SolutionProperties) = preSolution
		HideSolutionNode = FALSE
	EndGlobalSection
	GlobalSection(ExtensibilityGlobals) = postSolution
		SolutionGuid = {2F3B5B88-5FD2-4324-B3C5-9790E6E4F6DA}
	EndGlobalSection
EndGlobal
